# THIS IS AN AUTOGENERATED FILE. DO NOT EDIT THIS FILE DIRECTLY.
# yarn lockfile v1


"@extra/recaptcha@^4.2.1-next.587":
  "integrity" "sha512-X5nMy5feAa8CPWfbzVuqnNKULngdi7Jq9y6CT2mJ/+g7Q3Xl2JZ9xhxByGXDvqBEio/3yAyfqIbJ+o2zXkI6wA=="
  "resolved" "https://registry.npmjs.org/@extra/recaptcha/-/recaptcha-4.2.1-next.587.tgz"
  "version" "4.2.1-next.587"
  dependencies:
    "automation-extra-plugin" "^4.2.1-next.587+03bcc08"
    "debug" "^4.1.1"

"@types/debug@^4.1.0":
  "integrity" "sha512-Q1y515GcOdTHgagaVFhHnIFQ38ygs/kmxdNpvpou+raI9UO3YZcHDngBSYKQklcKlvA7iuQlmIKbzvmxcOE9CQ=="
  "resolved" "https://registry.npmjs.org/@types/debug/-/debug-4.1.5.tgz"
  "version" "4.1.5"

"@types/node@*":
  "integrity" "sha512-dueRKfaJL4RTtSa7bWeTK1M+VH+Gns73oCgzvYfHZywRCoPSd8EkXBL0mZ9unPTveBn+D9phZBaxuzpwjWkW0g=="
  "resolved" "https://registry.npmjs.org/@types/node/-/node-14.14.41.tgz"
  "version" "14.14.41"

"@types/puppeteer@5.4.3":
  "integrity" "sha512-3nE8YgR9DIsgttLW+eJf6mnXxq8Ge+27m5SU3knWmrlfl6+KOG0Bf9f7Ua7K+C4BnaTMAh3/UpySqdAYvrsvjg=="
  "resolved" "https://registry.npmjs.org/@types/puppeteer/-/puppeteer-5.4.3.tgz"
  "version" "5.4.3"
  dependencies:
    "@types/node" "*"

"@types/yauzl@^2.9.1":
  "integrity" "sha512-A1b8SU4D10uoPjwb0lnHmmu8wZhR9d+9o2PKBQT2jU5YPTKsxac6M2qGAdY7VcL+dHHhARVUDmeg0rOrcd9EjA=="
  "resolved" "https://registry.npmjs.org/@types/yauzl/-/yauzl-2.9.1.tgz"
  "version" "2.9.1"
  dependencies:
    "@types/node" "*"

"agent-base@6":
  "integrity" "sha512-RZNwNclF7+MS/8bDg70amg32dyeZGZxiDuQmZxKLAlQjr3jGyLx+4Kkk58UO7D2QdgFIQCovuSuZESne6RG6XQ=="
  "resolved" "https://registry.npmjs.org/agent-base/-/agent-base-6.0.2.tgz"
  "version" "6.0.2"
  dependencies:
    "debug" "4"

"amdefine@>=0.0.4":
  "integrity" "sha1-SlKCrBZHKek2Gbz9OtFR+BfOkfU="
  "resolved" "https://registry.npmjs.org/amdefine/-/amdefine-1.0.1.tgz"
  "version" "1.0.1"

"arr-union@^3.1.0":
  "integrity" "sha1-45sJrqne+Gao8gbiiK9jkZuuOcQ="
  "resolved" "https://registry.npmjs.org/arr-union/-/arr-union-3.1.0.tgz"
  "version" "3.1.0"

"async@~0.2.6":
  "integrity" "sha1-trvgsGdLnXGXCMo43owjfLUmw9E="
  "resolved" "https://registry.npmjs.org/async/-/async-0.2.10.tgz"
  "version" "0.2.10"

"asynckit@^0.4.0":
  "integrity" "sha1-x57Zf380y48robyXkLzDZkdLS3k="
  "resolved" "https://registry.npmjs.org/asynckit/-/asynckit-0.4.0.tgz"
  "version" "0.4.0"

"automation-extra-plugin@^4.2.1-next.587+03bcc08":
  "integrity" "sha512-1aW4DrRhd9WSkWvLrz2UXx65nDM0QtmAlH32wIMjUld+ouX2FjN3YySA2XeYzBC/yFf45keZryrmivPQDk2TiQ=="
  "resolved" "https://registry.npmjs.org/automation-extra-plugin/-/automation-extra-plugin-4.2.1-next.587.tgz"
  "version" "4.2.1-next.587"
  dependencies:
    "@types/debug" "^4.1.0"
    "@types/puppeteer" "5.4.3"
    "debug" "^4.1.1"
    "deepmerge" "^4.2.2"
    "is-plain-object" "^5.0.0"
    "playwright-core" "1.8.0"

"automation-extra-plugin@^4.2.2-next.616+846b2f2":
  "integrity" "sha512-KwEM1GxITOKqDFElnoEbgWOLNl+IITstAJ2KZGAuCmcS09fjPQ1mG7uS31Za8BgaLwqdq1pQc/RShXdJLmH3AQ=="
  "resolved" "https://registry.npmjs.org/automation-extra-plugin/-/automation-extra-plugin-4.2.2-next.616.tgz"
  "version" "4.2.2-next.616"
  dependencies:
    "@types/debug" "^4.1.0"
    "@types/puppeteer" "5.4.3"
    "debug" "^4.1.1"
    "deepmerge" "^4.2.2"
    "is-plain-object" "^5.0.0"
    "playwright-core" "1.8.0"

"automation-extra@^4.2.1-next.616+846b2f2":
  "integrity" "sha512-D1gYD2sWhelQXZr9BHO1G7EFxB+ncKDQ4Ea2yoSwbv+Q0ExmreNGmYHW3g3eDQZs2YphpKnbtkMTXR+wDXWbiA=="
  "resolved" "https://registry.npmjs.org/automation-extra/-/automation-extra-4.2.1-next.616.tgz"
  "version" "4.2.1-next.616"
  dependencies:
    "@types/debug" "^4.1.0"
    "@types/puppeteer" "5.4.3"
    "automation-extra-plugin" "^4.2.2-next.616+846b2f2"
    "debug" "^4.1.1"
    "deepmerge" "^4.2.2"
    "playwright-core" "1.8.0"
    "puppeteer-extra-plugin" "^3.1.8"

"balanced-match@^1.0.0":
  "integrity" "sha512-3oSeUO0TMV67hN1AmbXsK4yaqU7tjiHlbxRDZOpH0KW9+CeX4bRAaX0Anxt0tx2MrpRpWwQaPwIlISEJhYU5Pw=="
  "resolved" "https://registry.npmjs.org/balanced-match/-/balanced-match-1.0.2.tgz"
  "version" "1.0.2"

"brace-expansion@^1.1.7":
  "integrity" "sha512-iCuPHDFgrHX7H2vEI/5xpz07zSHB00TpugqhmYtVmMO6518mCuRMoOYFldEBl0g187ufozdaHgWKcYFb61qGiA=="
  "resolved" "https://registry.npmjs.org/brace-expansion/-/brace-expansion-1.1.11.tgz"
  "version" "1.1.11"
  dependencies:
    "balanced-match" "^1.0.0"
    "concat-map" "0.0.1"

"buffer-crc32@~0.2.3":
  "integrity" "sha1-DTM+PwDqxQqhRUq9MO+MKl2ackI="
  "resolved" "https://registry.npmjs.org/buffer-crc32/-/buffer-crc32-0.2.13.tgz"
  "version" "0.2.13"

"clone-deep@^0.2.4":
  "integrity" "sha1-TnPdCen7lxzDhnDF3O2cGJZIHMY="
  "resolved" "https://registry.npmjs.org/clone-deep/-/clone-deep-0.2.4.tgz"
  "version" "0.2.4"
  dependencies:
    "for-own" "^0.1.3"
    "is-plain-object" "^2.0.1"
    "kind-of" "^3.0.2"
    "lazy-cache" "^1.0.3"
    "shallow-clone" "^0.1.2"

"combined-stream@^1.0.8":
  "integrity" "sha512-FQN4MRfuJeHf7cBbBMJFXhKSDq+2kAArBlmRBvcvFE5BB1HZKXtSFASDhdlz9zOYwxh8lDdnvmMOe/+5cdoEdg=="
  "resolved" "https://registry.npmjs.org/combined-stream/-/combined-stream-1.0.8.tgz"
  "version" "1.0.8"
  dependencies:
    "delayed-stream" "~1.0.0"

"commander@^6.1.0":
  "integrity" "sha512-U7VdrJFnJgo4xjrHpTzu0yrHPGImdsmD95ZlgYSEajAn2JKzDhDTPG9kBTefmObL2w/ngeZnilk+OV9CG3d7UA=="
  "resolved" "https://registry.npmjs.org/commander/-/commander-6.2.1.tgz"
  "version" "6.2.1"

"concat-map@0.0.1":
  "integrity" "sha1-2Klr13/Wjfd5OnMDajug1UBdR3s="
  "resolved" "https://registry.npmjs.org/concat-map/-/concat-map-0.0.1.tgz"
  "version" "0.0.1"

"debug@^4.1.0", "debug@^4.1.1", "debug@4":
  "integrity" "sha512-doEwdvm4PCeK4K3RQN2ZC2BYUBaxwLARCqZmMjtF8a51J2Rb0xpVloFRnCODwqjpwnAoao4pelN8l3RJdv3gRQ=="
  "resolved" "https://registry.npmjs.org/debug/-/debug-4.3.1.tgz"
  "version" "4.3.1"
  dependencies:
    "ms" "2.1.2"

"deepmerge@^4.2.2":
  "integrity" "sha512-FJ3UgI4gIl+PHZm53knsuSFpE+nESMr7M4v9QcgB7S63Kj/6WqMiFQJpBBYz1Pt+66bZpP3Q7Lye0Oo9MPKEdg=="
  "resolved" "https://registry.npmjs.org/deepmerge/-/deepmerge-4.2.2.tgz"
  "version" "4.2.2"

"delayed-stream@~1.0.0":
  "integrity" "sha1-3zrhmayt+31ECqrgsp4icrJOxhk="
  "resolved" "https://registry.npmjs.org/delayed-stream/-/delayed-stream-1.0.0.tgz"
  "version" "1.0.0"

"end-of-stream@^1.1.0":
  "integrity" "sha512-+uw1inIHVPQoaVuHzRyXd21icM+cnt4CzD5rW+NC1wjOUSTOs+Te7FOv7AhN7vS9x/oIyhLP5PR1H+phQAHu5Q=="
  "resolved" "https://registry.npmjs.org/end-of-stream/-/end-of-stream-1.4.4.tgz"
  "version" "1.4.4"
  dependencies:
    "once" "^1.4.0"

"escape-string-regexp@^2.0.0":
  "integrity" "sha512-UpzcLCXolUWcNu5HtVMHYdXJjArjsF9C0aNnquZYY4uW/Vu0miy5YoWvbV345HauVvcAUnpRuhMMcqTcGOY2+w=="
  "resolved" "https://registry.npmjs.org/escape-string-regexp/-/escape-string-regexp-2.0.0.tgz"
  "version" "2.0.0"

"extract-zip@^2.0.1":
  "integrity" "sha512-GDhU9ntwuKyGXdZBUgTIe+vXnWj0fppUEtMDL0+idd5Sta8TGpHssn/eusA9mrPr9qNDym6SxAYZjNvCn/9RBg=="
  "resolved" "https://registry.npmjs.org/extract-zip/-/extract-zip-2.0.1.tgz"
  "version" "2.0.1"
  dependencies:
    "debug" "^4.1.1"
    "get-stream" "^5.1.0"
    "yauzl" "^2.10.0"
  optionalDependencies:
    "@types/yauzl" "^2.9.1"

"fd-slicer@~1.1.0":
  "integrity" "sha1-JcfInLH5B3+IkbvmHY85Dq4lbx4="
  "resolved" "https://registry.npmjs.org/fd-slicer/-/fd-slicer-1.1.0.tgz"
  "version" "1.1.0"
  dependencies:
    "pend" "~1.2.0"

"for-in@^0.1.3":
  "integrity" "sha1-2Hc5COMSVhCZUrH9ubP6hn0ndeE="
  "resolved" "https://registry.npmjs.org/for-in/-/for-in-0.1.8.tgz"
  "version" "0.1.8"

"for-in@^1.0.1":
  "integrity" "sha1-gQaNKVqBQuwKxybG4iAMMPttXoA="
  "resolved" "https://registry.npmjs.org/for-in/-/for-in-1.0.2.tgz"
  "version" "1.0.2"

"for-own@^0.1.3":
  "integrity" "sha1-UmXGgaTylNq78XyVCbZ2OqhFEM4="
  "resolved" "https://registry.npmjs.org/for-own/-/for-own-0.1.5.tgz"
  "version" "0.1.5"
  dependencies:
    "for-in" "^1.0.1"

"form-data@^4.0.0":
  "integrity" "sha512-ETEklSGi5t0QMZuiXoA/Q6vcnxcLQP5vdugSpuAyi6SVGi2clPPp+xgEhuMaHC+zGgn31Kd235W35f7Hykkaww=="
  "resolved" "https://registry.npmjs.org/form-data/-/form-data-4.0.0.tgz"
  "version" "4.0.0"
  dependencies:
    "asynckit" "^0.4.0"
    "combined-stream" "^1.0.8"
    "mime-types" "^2.1.12"

"fs.realpath@^1.0.0":
  "integrity" "sha1-FQStJSMVjKpA20onh8sBQRmU6k8="
  "resolved" "https://registry.npmjs.org/fs.realpath/-/fs.realpath-1.0.0.tgz"
  "version" "1.0.0"

"get-stream@^5.1.0":
  "integrity" "sha512-nBF+F1rAZVCu/p7rjzgA+Yb4lfYXrpl7a6VmJrU8wF9I1CKvP/QwPNZHnOlwbTkY6dvtFIzFMSyQXbLoTQPRpA=="
  "resolved" "https://registry.npmjs.org/get-stream/-/get-stream-5.2.0.tgz"
  "version" "5.2.0"
  dependencies:
    "pump" "^3.0.0"

"glob@^7.1.3":
  "integrity" "sha512-LwaxwyZ72Lk7vZINtNNrywX0ZuLyStrdDtabefZKAY5ZGJhVtgdznluResxNmPitE0SAO+O26sWTHeKSI2wMBA=="
  "resolved" "https://registry.npmjs.org/glob/-/glob-7.1.6.tgz"
  "version" "7.1.6"
  dependencies:
    "fs.realpath" "^1.0.0"
    "inflight" "^1.0.4"
    "inherits" "2"
    "minimatch" "^3.0.4"
    "once" "^1.3.0"
    "path-is-absolute" "^1.0.0"

"graceful-fs@^4.2.4":
  "integrity" "sha512-nTnJ528pbqxYanhpDYsi4Rd8MAeaBA67+RZ10CM1m3bTAVFEDcd5AuA4a6W5YkGZ1iNXHzZz8T6TBKLeBuNriQ=="
  "resolved" "https://registry.npmjs.org/graceful-fs/-/graceful-fs-4.2.6.tgz"
  "version" "4.2.6"

"https-proxy-agent@^5.0.0":
  "integrity" "sha512-EkYm5BcKUGiduxzSt3Eppko+PiNWNEpa4ySk9vTC6wDsQJW9rHSa+UhGNJoRYp7bz6Ht1eaRIa6QaJqO5rCFbA=="
  "resolved" "https://registry.npmjs.org/https-proxy-agent/-/https-proxy-agent-5.0.0.tgz"
  "version" "5.0.0"
  dependencies:
    "agent-base" "6"
    "debug" "4"

"inflight@^1.0.4":
  "integrity" "sha1-Sb1jMdfQLQwJvJEKEHW6gWW1bfk="
  "resolved" "https://registry.npmjs.org/inflight/-/inflight-1.0.6.tgz"
  "version" "1.0.6"
  dependencies:
    "once" "^1.3.0"
    "wrappy" "1"

"inherits@2":
  "integrity" "sha512-k/vGaX4/Yla3WzyMCvTQOXYeIHvqOKtnqBduzTHpzpQZzAskKMhZ2K+EnBiSM9zGSoIFeMpXKxa4dYeZIQqewQ=="
  "resolved" "https://registry.npmjs.org/inherits/-/inherits-2.0.4.tgz"
  "version" "2.0.4"

"is-buffer@^1.0.2", "is-buffer@^1.1.5":
  "integrity" "sha512-NcdALwpXkTm5Zvvbk7owOUSvVvBKDgKP5/ewfXEznmQFfs4ZRmanOeKBTjRVjka3QFoN6XJ+9F3USqfHqTaU5w=="
  "resolved" "https://registry.npmjs.org/is-buffer/-/is-buffer-1.1.6.tgz"
  "version" "1.1.6"

"is-extendable@^0.1.1":
  "integrity" "sha1-YrEQ4omkcUGOPsNqYX1HLjAd/Ik="
  "resolved" "https://registry.npmjs.org/is-extendable/-/is-extendable-0.1.1.tgz"
  "version" "0.1.1"

"is-plain-object@^2.0.1":
  "integrity" "sha512-h5PpgXkWitc38BBMYawTYMWJHFZJVnBquFE57xFpjB8pJFiF6gZ+bU+WyI/yqXiFR5mdLsgYNaPe8uao6Uv9Og=="
  "resolved" "https://registry.npmjs.org/is-plain-object/-/is-plain-object-2.0.4.tgz"
  "version" "2.0.4"
  dependencies:
    "isobject" "^3.0.1"

"is-plain-object@^5.0.0":
  "integrity" "sha512-VRSzKkbMm5jMDoKLbltAkFQ5Qr7VDiTFGXxYFXXowVj387GeGNOCsOH6Msy00SGZ3Fp84b1Naa1psqgcCIEP5Q=="
  "resolved" "https://registry.npmjs.org/is-plain-object/-/is-plain-object-5.0.0.tgz"
  "version" "5.0.0"

"isobject@^3.0.1":
  "integrity" "sha1-TkMekrEalzFjaqH5yNHMvP2reN8="
  "resolved" "https://registry.npmjs.org/isobject/-/isobject-3.0.1.tgz"
  "version" "3.0.1"

"jpeg-js@^0.4.2":
  "integrity" "sha512-ru1HWKek8octvUHFHvE5ZzQ1yAsJmIvRdGWvSoKV52XKyuyYA437QWDttXT8eZXDSbuMpHlLzPDZUPd6idIz+Q=="
  "resolved" "https://registry.npmjs.org/jpeg-js/-/jpeg-js-0.4.3.tgz"
  "version" "0.4.3"

"kind-of@^2.0.1":
  "integrity" "sha1-AY7HpM5+OobLkUG+UZ0kyPqpgbU="
  "resolved" "https://registry.npmjs.org/kind-of/-/kind-of-2.0.1.tgz"
  "version" "2.0.1"
  dependencies:
    "is-buffer" "^1.0.2"

"kind-of@^3.0.2":
  "integrity" "sha1-MeohpzS6ubuw8yRm2JOupR5KPGQ="
  "resolved" "https://registry.npmjs.org/kind-of/-/kind-of-3.2.2.tgz"
  "version" "3.2.2"
  dependencies:
    "is-buffer" "^1.1.5"

"lazy-cache@^0.2.3":
  "integrity" "sha1-f+3fLctu23fRHvHRF6tf/fCrG2U="
  "resolved" "https://registry.npmjs.org/lazy-cache/-/lazy-cache-0.2.7.tgz"
  "version" "0.2.7"

"lazy-cache@^1.0.3":
  "integrity" "sha1-odePw6UEdMuAhF07O24dpJpEbo4="
  "resolved" "https://registry.npmjs.org/lazy-cache/-/lazy-cache-1.0.4.tgz"
  "version" "1.0.4"

"lodash@^4.17.19":
  "integrity" "sha512-v2kDEe57lecTulaDIuNTPy3Ry4gLGJ6Z1O3vE1krgXZNrsQ+LFTGHVxVjcXPs17LhbZVGedAJv8XZ1tvj5FvSg=="
  "resolved" "https://registry.npmjs.org/lodash/-/lodash-4.17.21.tgz"
  "version" "4.17.21"

"merge-deep@^3.0.1":
  "integrity" "sha512-qtmzAS6t6grwEkNrunqTBdn0qKwFgNWvlxUbAV8es9M7Ot1EbyApytCnvE0jALPa46ZpKDUo527kKiaWplmlFA=="
  "resolved" "https://registry.npmjs.org/merge-deep/-/merge-deep-3.0.3.tgz"
  "version" "3.0.3"
  dependencies:
    "arr-union" "^3.1.0"
    "clone-deep" "^0.2.4"
    "kind-of" "^3.0.2"

"mime-db@1.47.0":
  "integrity" "sha512-QBmA/G2y+IfeS4oktet3qRZ+P5kPhCKRXxXnQEudYqUaEioAU1/Lq2us3D/t1Jfo4hE9REQPrbB7K5sOczJVIw=="
  "resolved" "https://registry.npmjs.org/mime-db/-/mime-db-1.47.0.tgz"
  "version" "1.47.0"

"mime-types@^2.1.12":
  "integrity" "sha512-crmjA4bLtR8m9qLpHvgxSChT+XoSlZi8J4n/aIdn3z92e/U47Z0V/yl+Wh9W046GgFVAmoNR/fmdbZYcSSIUeg=="
  "resolved" "https://registry.npmjs.org/mime-types/-/mime-types-2.1.30.tgz"
  "version" "2.1.30"
  dependencies:
    "mime-db" "1.47.0"

"mime@^2.4.6":
  "integrity" "sha512-tqkh47FzKeCPD2PUiPB6pkbMzsCasjxAfC62/Wap5qrUWcb+sFasXUC5I3gYM5iBM8v/Qpn4UK0x+j0iHyFPDg=="
  "resolved" "https://registry.npmjs.org/mime/-/mime-2.5.2.tgz"
  "version" "2.5.2"

"minimatch@^3.0.4":
  "integrity" "sha512-yJHVQEhyqPLUTgt9B83PXu6W3rx4MvvHvSUvToogpwoGDOUQ+yDrR0HRot+yOCdCO7u4hX3pWft6kWBBcqh0UA=="
  "resolved" "https://registry.npmjs.org/minimatch/-/minimatch-3.0.4.tgz"
  "version" "3.0.4"
  dependencies:
    "brace-expansion" "^1.1.7"

"mixin-object@^2.0.1":
  "integrity" "sha1-T7lJRB2rGCVA8f4DW6YOGUel5X4="
  "resolved" "https://registry.npmjs.org/mixin-object/-/mixin-object-2.0.1.tgz"
  "version" "2.0.1"
  dependencies:
    "for-in" "^0.1.3"
    "is-extendable" "^0.1.1"

"ms@2.1.2":
  "integrity" "sha512-sGkPx+VjMtmA6MX27oA4FBFELFCZZ4S4XqeGOXCv68tT+jb3vk/RyaKWP0PTKyWtmLSM0b+adUTEvbs1PEaH2w=="
  "resolved" "https://registry.npmjs.org/ms/-/ms-2.1.2.tgz"
  "version" "2.1.2"

"node-fetch@^2.6.1":
  "integrity" "sha512-V4aYg89jEoVRxRb2fJdAg8FHvI7cEyYdVAh94HH0UIK8oJxUfkjlDQN9RbMx+bEjP7+ggMiFRprSti032Oipxw=="
  "resolved" "https://registry.npmjs.org/node-fetch/-/node-fetch-2.6.1.tgz"
  "version" "2.6.1"

"once@^1.3.0", "once@^1.3.1", "once@^1.4.0":
  "integrity" "sha1-WDsap3WWHUsROsF9nFC6753Xa9E="
  "resolved" "https://registry.npmjs.org/once/-/once-1.4.0.tgz"
  "version" "1.4.0"
  dependencies:
    "wrappy" "1"

"optimist@~0.3.5":
  "integrity" "sha1-yQlBrVnkJzMokjB00s8ufLxuwNk="
  "resolved" "https://registry.npmjs.org/optimist/-/optimist-0.3.7.tgz"
  "version" "0.3.7"
  dependencies:
    "wordwrap" "~0.0.2"

"path-is-absolute@^1.0.0":
  "integrity" "sha1-F0uSaHNVNP+8es5r9TpanhtcX18="
  "resolved" "https://registry.npmjs.org/path-is-absolute/-/path-is-absolute-1.0.1.tgz"
  "version" "1.0.1"

"pend@~1.2.0":
  "integrity" "sha1-elfrVQpng/kRUzH89GY9XI4AelA="
  "resolved" "https://registry.npmjs.org/pend/-/pend-1.2.0.tgz"
  "version" "1.2.0"

"playwright-core@1.8.0":
  "integrity" "sha512-3FDiIMabIkamEOPqdjHrPA1puIElx3iYIaln1k5G8ZyGRubmPE9AijHyTXYqkavgteUp+Kb8QOeE13nlnQ++Fg=="
  "resolved" "https://registry.npmjs.org/playwright-core/-/playwright-core-1.8.0.tgz"
  "version" "1.8.0"
  dependencies:
    "commander" "^6.1.0"
    "debug" "^4.1.1"
    "extract-zip" "^2.0.1"
    "https-proxy-agent" "^5.0.0"
    "jpeg-js" "^0.4.2"
    "mime" "^2.4.6"
    "pngjs" "^5.0.0"
    "progress" "^2.0.3"
    "proper-lockfile" "^4.1.1"
    "proxy-from-env" "^1.1.0"
    "rimraf" "^3.0.2"
    "ws" "^7.3.1"

"playwright-extra@^4.2.1-next.616":
  "integrity" "sha512-NFxCvLSOkyXByFUfff0b4hwWRmHDTNB7YhUhXckWR2ct9p1OyvBZrHQfesv8eq43iAqNwALWulOGDtKxPvrTlA=="
  "resolved" "https://registry.npmjs.org/playwright-extra/-/playwright-extra-4.2.1-next.616.tgz"
  "version" "4.2.1-next.616"
  dependencies:
    "automation-extra" "^4.2.1-next.616+846b2f2"
    "playwright-core" "1.8.0"

"playwright@1.9.0":
  "integrity" "sha512-vCVPCj6toZweLW2wz9g92FpsmKoLljz6ql1MeqBcVDgOh5yVR/rFdFQ6T+Ed1sqkssaissfSeZMNmTodQCsK3Q=="
  "resolved" "https://registry.npmjs.org/playwright/-/playwright-1.9.0.tgz"
  "version" "1.9.0"
  dependencies:
    "commander" "^6.1.0"
    "debug" "^4.1.1"
    "extract-zip" "^2.0.1"
    "https-proxy-agent" "^5.0.0"
    "jpeg-js" "^0.4.2"
    "mime" "^2.4.6"
    "pngjs" "^5.0.0"
    "progress" "^2.0.3"
    "proper-lockfile" "^4.1.1"
    "proxy-from-env" "^1.1.0"
    "rimraf" "^3.0.2"
    "stack-utils" "^2.0.3"
    "ws" "^7.3.1"

"pngjs@^5.0.0":
  "integrity" "sha512-40QW5YalBNfQo5yRYmiw7Yz6TKKVr3h6970B2YE+3fQpsWcrbj1PzJgxeJ19DRQjhMbKPIuMY8rFaXc8moolVw=="
  "resolved" "https://registry.npmjs.org/pngjs/-/pngjs-5.0.0.tgz"
  "version" "5.0.0"

"progress@^2.0.3":
  "integrity" "sha512-7PiHtLll5LdnKIMw100I+8xJXR5gW2QwWYkT6iJva0bXitZKa/XMrSbdmg3r2Xnaidz9Qumd0VPaMrZlF9V9sA=="
  "resolved" "https://registry.npmjs.org/progress/-/progress-2.0.3.tgz"
  "version" "2.0.3"

"promise-poller@^1.9.1":
  "integrity" "sha512-YOS20FqSO9UK9wh5vhUdGrSPVOvxXwV9izZWPqIcE1jANj/i/VCxBcw6JBN8uYpu8+p9Qdjyplqf5Uw+yKeVJw=="
  "resolved" "https://registry.npmjs.org/promise-poller/-/promise-poller-1.9.1.tgz"
  "version" "1.9.1"
  dependencies:
    "debug" "^4.1.0"

"proper-lockfile@^4.1.1":
  "integrity" "sha512-TjNPblN4BwAWMXU8s9AEz4JmQxnD1NNL7bNOY/AKUzyamc379FWASUhc/K1pL2noVb+XmZKLL68cjzLsiOAMaA=="
  "resolved" "https://registry.npmjs.org/proper-lockfile/-/proper-lockfile-4.1.2.tgz"
  "version" "4.1.2"
  dependencies:
    "graceful-fs" "^4.2.4"
    "retry" "^0.12.0"
    "signal-exit" "^3.0.2"

"proxy-from-env@^1.1.0":
  "integrity" "sha512-D+zkORCbA9f1tdWRK0RaCR3GPv50cMxcrz4X8k5LTSUD1Dkw47mKJEZQNunItRTkWwgtaUSo1RVFRIG9ZXiFYg=="
  "resolved" "https://registry.npmjs.org/proxy-from-env/-/proxy-from-env-1.1.0.tgz"
  "version" "1.1.0"

"psl@^1.1.28":
  "integrity" "sha512-RIdOzyoavK+hA18OGGWDqUTsCLhtA7IcZ/6NCs4fFJaHBDab+pDDmDIByWFRQJq2Cd7r1OoQxBGKOaztq+hjIQ=="
  "resolved" "https://registry.npmjs.org/psl/-/psl-1.8.0.tgz"
  "version" "1.8.0"

"pump@^3.0.0":
  "integrity" "sha512-LwZy+p3SFs1Pytd/jYct4wpv49HiYCqd9Rlc5ZVdk0V+8Yzv6jR5Blk3TRmPL1ft69TxP0IMZGJ+WPFU2BFhww=="
  "resolved" "https://registry.npmjs.org/pump/-/pump-3.0.0.tgz"
  "version" "3.0.0"
  dependencies:
    "end-of-stream" "^1.1.0"
    "once" "^1.3.1"

"punycode@^2.1.1":
  "integrity" "sha512-XRsRjdf+j5ml+y/6GKHPZbrF/8p2Yga0JPtdqTIY2Xe5ohJPD9saDJJLPvp9+NSBprVvevdXZybnj2cv8OEd0A=="
  "resolved" "https://registry.npmjs.org/punycode/-/punycode-2.1.1.tgz"
  "version" "2.1.1"

"puppeteer-extra-plugin@^3.1.8":
  "integrity" "sha512-LYKj+3wGsnBzwEIpTertyOkzjcTHJn96FDSFXQ4Oo38CFFRw1qRBAJPPtAaMVjuVDqATeNd/RpP4n5jbxeX90g=="
  "resolved" "https://registry.npmjs.org/puppeteer-extra-plugin/-/puppeteer-extra-plugin-3.1.9.tgz"
  "version" "3.1.9"
  dependencies:
    "@types/debug" "^4.1.0"
    "debug" "^4.1.1"
    "merge-deep" "^3.0.1"

"request-promise-core@1.1.4":
  "integrity" "sha512-TTbAfBBRdWD7aNNOoVOBH4pN/KigV6LyapYNNlAPA8JwbovRti1E88m3sYAwsLi5ryhPKsE9APwnjFTgdUjTpw=="
  "resolved" "https://registry.npmjs.org/request-promise-core/-/request-promise-core-1.1.4.tgz"
  "version" "1.1.4"
  dependencies:
    "lodash" "^4.17.19"

"request-promise-native@^1.0.9":
  "integrity" "sha512-wcW+sIUiWnKgNY0dqCpOZkUbF/I+YPi+f09JZIDa39Ec+q82CpSYniDp+ISgTTbKmnpJWASeJBPZmoxH84wt3g=="
  "resolved" "https://registry.npmjs.org/request-promise-native/-/request-promise-native-1.0.9.tgz"
  "version" "1.0.9"
  dependencies:
    "request-promise-core" "1.1.4"
    "stealthy-require" "^1.1.1"
    "tough-cookie" "^2.3.3"

"require@^2.4.20":
  "integrity" "sha1-Zstrqqu2XeinHXk/XGX9GE83mLY="
  "resolved" "https://registry.npmjs.org/require/-/require-2.4.20.tgz"
  "version" "2.4.20"
  dependencies:
    "std" "0.1.40"
    "uglify-js" "2.3.0"

"retry@^0.12.0":
  "integrity" "sha1-G0KmJmoh8HQh0bC1S33BZ7AcATs="
  "resolved" "https://registry.npmjs.org/retry/-/retry-0.12.0.tgz"
  "version" "0.12.0"

"rimraf@^3.0.2":
  "integrity" "sha512-JZkJMZkAGFFPP2YqXZXPbMlMBgsxzE8ILs4lMIX/2o0L9UBw9O/Y3o6wFw/i9YLapcUJWwqbi3kdxIPdC62TIA=="
  "resolved" "https://registry.npmjs.org/rimraf/-/rimraf-3.0.2.tgz"
  "version" "3.0.2"
  dependencies:
    "glob" "^7.1.3"

"shallow-clone@^0.1.2":
  "integrity" "sha1-WQnodLp3EG1zrEFM/sH/yofZcGA="
  "resolved" "https://registry.npmjs.org/shallow-clone/-/shallow-clone-0.1.2.tgz"
  "version" "0.1.2"
  dependencies:
    "is-extendable" "^0.1.1"
    "kind-of" "^2.0.1"
    "lazy-cache" "^0.2.3"
    "mixin-object" "^2.0.1"

"signal-exit@^3.0.2":
  "integrity" "sha512-VUJ49FC8U1OxwZLxIbTTrDvLnf/6TDgxZcK8wxR8zs13xpx7xbG60ndBlhNrFi2EMuFRoeDoJO7wthSLq42EjA=="
  "resolved" "https://registry.npmjs.org/signal-exit/-/signal-exit-3.0.3.tgz"
  "version" "3.0.3"

"source-map@~0.1.7":
  "integrity" "sha1-wkvBRspRfBRx9drL4lcbK3+eM0Y="
  "resolved" "https://registry.npmjs.org/source-map/-/source-map-0.1.43.tgz"
  "version" "0.1.43"
  dependencies:
    "amdefine" ">=0.0.4"

"stack-utils@^2.0.3":
  "integrity" "sha512-xrQcmYhOsn/1kX+Vraq+7j4oE2j/6BFscZ0etmYg81xuM8Gq0022Pxb8+IqgOFUIaxHs0KaSb7T1+OegiNrNFA=="
  "resolved" "https://registry.npmjs.org/stack-utils/-/stack-utils-2.0.5.tgz"
  "version" "2.0.5"
  dependencies:
    "escape-string-regexp" "^2.0.0"

"std@0.1.40":
  "integrity" "sha1-Nnil9lCU2eG2teJu2/wCErg0K3E="
  "resolved" "https://registry.npmjs.org/std/-/std-0.1.40.tgz"
  "version" "0.1.40"

"stealthy-require@^1.1.1":
  "integrity" "sha1-NbCYdbT/SfJqd35QmzCQoyJr8ks="
  "resolved" "https://registry.npmjs.org/stealthy-require/-/stealthy-require-1.1.1.tgz"
  "version" "1.1.1"

"tough-cookie@^2.3.3":
  "integrity" "sha512-nlLsUzgm1kfLXSXfRZMc1KLAugd4hqJHDTvc2hDIwS3mZAfMEuMbc03SujMF+GEcpaX/qboeycw6iO8JwVv2+g=="
  "resolved" "https://registry.npmjs.org/tough-cookie/-/tough-cookie-2.5.0.tgz"
  "version" "2.5.0"
  dependencies:
    "psl" "^1.1.28"
    "punycode" "^2.1.1"

"uglify-js@2.3.0":
  "integrity" "sha1-LN7BbTeKiituz7aYl4TPi3rlSR8="
  "resolved" "https://registry.npmjs.org/uglify-js/-/uglify-js-2.3.0.tgz"
  "version" "2.3.0"
  dependencies:
    "async" "~0.2.6"
    "optimist" "~0.3.5"
    "source-map" "~0.1.7"

"uuid@^8.3.2":
  "integrity" "sha512-+NYs2QeMWy+GWFOEm9xnn6HCDp0l7QBD7ml8zLUmJ+93Q5NF0NocErnwkTkXVFNiX3/fpC6afS8Dhb/gz7R7eg=="
  "resolved" "https://registry.npmjs.org/uuid/-/uuid-8.3.2.tgz"
  "version" "8.3.2"

"wordwrap@~0.0.2":
  "integrity" "sha1-o9XabNXAvAAI03I0u68b7WMFkQc="
  "resolved" "https://registry.npmjs.org/wordwrap/-/wordwrap-0.0.3.tgz"
  "version" "0.0.3"

"wrappy@1":
  "integrity" "sha1-tSQ9jz7BqjXxNkYFvA0QNuMKtp8="
  "resolved" "https://registry.npmjs.org/wrappy/-/wrappy-1.0.2.tgz"
  "version" "1.0.2"

"ws@^7.3.1":
  "integrity" "sha512-Qm8k8ojNQIMx7S+Zp8u/uHOx7Qazv3Yv4q68MiWWWOJhiwG5W3x7iqmRtJo8xxrciZUY4vRxUTJCKuRnF28ZZw=="
  "resolved" "https://registry.npmjs.org/ws/-/ws-7.4.4.tgz"
  "version" "7.4.4"

"yauzl@^2.10.0":
  "integrity" "sha1-x+sXyT4RLLEIb6bY5R+wZnt5pfk="
  "resolved" "https://registry.npmjs.org/yauzl/-/yauzl-2.10.0.tgz"
  "version" "2.10.0"
  dependencies:
    "buffer-crc32" "~0.2.3"
    "fd-slicer" "~1.1.0"
